
Microsoft Visual Studio Solution File, Format Version 12.00
# Visual Studio Version 17
VisualStudioVersion = 17.14.37411.7 d17.14
MinimumVisualStudioVersion = 10.0.40219.1
Project("{FAE04EC0-301F-11D3-BF4B-00C04F79EFBC}") = "Brawndo", "Brawndo.csproj", "{23AC691B-FFFE-4DC9-908C-1F6942FF7D69}"
EndProject
Project("{FAE04EC0-301F-11D3-BF4B-00C04F79EFBC}") = "Brawndo_Components", "..\Brawndo_Components\Brawndo_Components.csproj", "{2DCAF60D-859E-4602-96C0-28ABF12B61F6}"
EndProject
Project("{FAE04EC0-301F-11D3-BF4B-00C04F79EFBC}") = "Brawndo_Translation", "..\Brawndo_Translation\Brawndo_Translation.csproj", "{ABFCC085-C32C-465B-ADFB-F8DFA2EF6DE2}"
EndProject
Global
	GlobalSection(SolutionConfigurationPlatforms) = preSolution
		Debug|Any CPU = Debug|Any CPU
		Release|Any CPU = Release|Any CPU
	EndGlobalSection
	GlobalSection(ProjectConfigurationPlatforms) = postSolution
		{23AC691B-FFFE-4DC9-908C-1F6942FF7D69}.Debug|Any CPU.ActiveCfg = Debug|Any CPU
		{23AC691B-FFFE-4DC9-908C-1F6942FF7D69}.Debug|Any CPU.Build.0 = Debug|Any CPU
		{23AC691B-FFFE-4DC9-908C-1F6942FF7D69}.Release|Any CPU.ActiveCfg = Release|Any CPU
		{23AC691B-FFFE-4DC9-908C-1F6942FF7D69}.Release|Any CPU.Build.0 = Release|Any CPU
		{2DCAF60D-859E-4602-96C0-28ABF12B61F6}.Debug|Any CPU.ActiveCfg = Debug|Any CPU
		{2DCAF60D-859E-4602-96C0-28ABF12B61F6}.Debug|Any CPU.Build.0 = Debug|Any CPU
		{2DCAF60D-859E-4602-96C0-28ABF12B61F6}.Release|Any CPU.ActiveCfg = Release|Any CPU
		{2DCAF60D-859E-4602-96C0-28ABF12B61F6}.Release|Any CPU.Build.0 = Release|Any CPU
		{ABFCC085-C32C-465B-ADFB-F8DFA2EF6DE2}.Debug|Any CPU.ActiveCfg = Debug|Any CPU
		{ABFCC085-C32C-465B-ADFB-F8DFA2EF6DE2}.Debug|Any CPU.Build.0 = Debug|Any CPU
		{ABFCC085-C32C-465B-ADFB-F8DFA2EF6DE2}.Release|Any CPU.ActiveCfg = Release|Any CPU
		{ABFCC085-C32C-465B-ADFB-F8DFA2EF6DE2}.Release|Any CPU.Build.0 = Release|Any CPU
	EndGlobalSection
	GlobalSection(SolutionProperties) = preSolution
		HideSolutionNode = FALSE
	EndGlobalSection
	GlobalSection(ExtensibilityGlobals) = postSolution
		SolutionGuid = {4787CB2C-CA3E-48C2-9F57-F347D97111B8}
	EndGlobalSection
EndGlobal
